// !$*UTF8*$!
{
	archiveVersion = 1;
	classes = {
	};
	objectVersion = 55;
	objects = {

/* Begin PBXBuildFile section */
		CFB3E6FD27F385C600AE2FBB /* AppDelegate.swift in Sources */ = {isa = PBXBuildFile; fileRef = CFB3E6FC27F385C600AE2FBB /* AppDelegate.swift */; };
		CFB3E6FF27F385C600AE2FBB /* SceneDelegate.swift in Sources */ = {isa = PBXBuildFile; fileRef = CFB3E6FE27F385C600AE2FBB /* SceneDelegate.swift */; };
		CFB3E70127F385C600AE2FBB /* ViewController.swift in Sources */ = {isa = PBXBuildFile; fileRef = CFB3E70027F385C600AE2FBB /* ViewController.swift */; };
		CFB3E70427F385C600AE2FBB /* Main.storyboard in Resources */ = {isa = PBXBuildFile; fileRef = CFB3E70227F385C600AE2FBB /* Main.storyboard */; };
		CFB3E70627F385C700AE2FBB /* Assets.xcassets in Resources */ = {isa = PBXBuildFile; fileRef = CFB3E70527F385C700AE2FBB /* Assets.xcassets */; };
		CFB3E70927F385C700AE2FBB /* LaunchScreen.storyboard in Resources */ = {isa = PBXBuildFile; fileRef = CFB3E70727F385C700AE2FBB /* LaunchScreen.storyboard */; };
		CFB3E71127F38F0600AE2FBB /* PhotoInfo.swift in Sources */ = {isa = PBXBuildFile; fileRef = CFB3E71027F38F0600AE2FBB /* PhotoInfo.swift */; };
		CFB3E71327F391B800AE2FBB /* URL+Helpers.swift in Sources */ = {isa = PBXBuildFile; fileRef = CFB3E71227F391B800AE2FBB /* URL+Helpers.swift */; };
		CFB3E71527F392C900AE2FBB /* PhotoInfoController.swift in Sources */ = {isa = PBXBuildFile; fileRef = CFB3E71427F392C900AE2FBB /* PhotoInfoController.swift */; };
/* End PBXBuildFile section */

/* Begin PBXFileReference section */
		CFB3E6F927F385C600AE2FBB /* myLab3.app */ = {isa = PBXFileReference; explicitFileType = wrapper.application; includeInIndex = 0; path = myLab3.app; sourceTree = BUILT_PRODUCTS_DIR; };
		CFB3E6FC27F385C600AE2FBB /* AppDelegate.swift */ = {isa = PBXFileReference; lastKnownFileType = sourcecode.swift; path = AppDelegate.swift; sourceTree = "<group>"; };
		CFB3E6FE27F385C600AE2FBB /* SceneDelegate.swift */ = {isa = PBXFileReference; lastKnownFileType = sourcecode.swift; path = SceneDelegate.swift; sourceTree = "<group>"; };
		CFB3E70027F385C600AE2FBB /* ViewController.swift */ = {isa = PBXFileReference; lastKnownFileType = sourcecode.swift; path = ViewController.swift; sourceTree = "<group>"; };
		CFB3E70327F385C600AE2FBB /* Base */ = {isa = PBXFileReference; lastKnownFileType = file.storyboard; name = Base; path = Base.lproj/Main.storyboard; sourceTree = "<group>"; };
		CFB3E70527F385C700AE2FBB /* Assets.xcassets */ = {isa = PBXFileReference; lastKnownFileType = folder.assetcatalog; path = Assets.xcassets; sourceTree = "<group>"; };
		CFB3E70827F385C700AE2FBB /* Base */ = {isa = PBXFileReference; lastKnownFileType = file.storyboard; name = Base; path = Base.lproj/LaunchScreen.storyboard; sourceTree = "<group>"; };
		CFB3E70A27F385C700AE2FBB /* Info.plist */ = {isa = PBXFileReference; lastKnownFileType = text.plist.xml; path = Info.plist; sourceTree = "<group>"; };
		CFB3E71027F38F0600AE2FBB /* PhotoInfo.swift */ = {isa = PBXFileReference; lastKnownFileType = sourcecode.swift; path = PhotoInfo.swift; sourceTree = "<group>"; };
		CFB3E71227F391B800AE2FBB /* URL+Helpers.swift */ = {isa = PBXFileReference; lastKnownFileType = sourcecode.swift; path = "URL+Helpers.swift"; sourceTree = SOURCE_ROOT; };
		CFB3E71427F392C900AE2FBB /* PhotoInfoController.swift */ = {isa = PBXFileReference; lastKnownFileType = sourcecode.swift; path = PhotoInfoController.swift; sourceTree = SOURCE_ROOT; };
/* End PBXFileReference section */

/* Begin PBXFrameworksBuildPhase section */
		CFB3E6F627F385C600AE2FBB /* Frameworks */ = {
			isa = PBXFrameworksBuildPhase;
			buildActionMask = 2147483647;
			files = (
			);
			runOnlyForDeploymentPostprocessing = 0;
		};
/* End PBXFrameworksBuildPhase section */

/* Begin PBXGroup section */
		CFB3E6F027F385C600AE2FBB = {
			isa = PBXGroup;
			children = (
				CFB3E6FB27F385C600AE2FBB /* myLab3 */,
				CFB3E6FA27F385C600AE2FBB /* Products */,
			);
			sourceTree = "<group>";
		};
		CFB3E6FA27F385C600AE2FBB /* Products */ = {
			isa = PBXGroup;
			children = (
				CFB3E6F927F385C600AE2FBB /* myLab3.app */,
			);
			name = Products;
			sourceTree = "<group>";
		};
		CFB3E6FB27F385C600AE2FBB /* myLab3 */ = {
			isa = PBXGroup;
			children = (
				CFB3E71427F392C900AE2FBB /* PhotoInfoController.swift */,
				CFB3E71227F391B800AE2FBB /* URL+Helpers.swift */,
				CFB3E71027F38F0600AE2FBB /* PhotoInfo.swift */,
				CFB3E6FC27F385C600AE2FBB /* AppDelegate.swift */,
				CFB3E6FE27F385C600AE2FBB /* SceneDelegate.swift */,
				CFB3E70027F385C600AE2FBB /* ViewController.swift */,
				CFB3E70227F385C600AE2FBB /* Main.storyboard */,
				CFB3E70527F385C700AE2FBB /* Assets.xcassets */,
				CFB3E70727F385C700AE2FBB /* LaunchScreen.storyboard */,
				CFB3E70A27F385C700AE2FBB /* Info.plist */,
			);
			path = myLab3;
			sourceTree = "<group>";
		};
/* End PBXGroup section */

/* Begin PBXNativeTarget section */
		CFB3E6F827F385C600AE2FBB /* myLab3 */ = {
			isa = PBXNativeTarget;
			buildConfigurationList = CFB3E70D27F385C700AE2FBB /* Build configuration list for PBXNativeTarget "myLab3" */;
			buildPhases = (
				CFB3E6F527F385C600AE2FBB /* Sources */,
				CFB3E6F627F385C600AE2FBB /* Frameworks */,
				CFB3E6F727F385C600AE2FBB /* Resources */,
			);
			buildRules = (
			);
			dependencies = (
			);
			name = myLab3;
			productName = myLab3;
			productReference = CFB3E6F927F385C600AE2FBB /* myLab3.app */;
			productType = "com.apple.product-type.application";
		};
/* End PBXNativeTarget section */

/* Begin PBXProject section */
		CFB3E6F127F385C600AE2FBB /* Project object */ = {
			isa = PBXProject;
			attributes = {
				BuildIndependentTargetsInParallel = 1;
				LastSwiftUpdateCheck = 1320;
				LastUpgradeCheck = 1320;
				TargetAttributes = {
					CFB3E6F827F385C600AE2FBB = {
						CreatedOnToolsVersion = 13.2.1;
					};
				};
			};
			buildConfigurationList = CFB3E6F427F385C600AE2FBB /* Build configuration list for PBXProject "myLab3" */;
			compatibilityVersion = "Xcode 13.0";
			developmentRegion = en;
			hasScannedForEncodings = 0;
			knownRegions = (
				en,
				Base,
			);
			mainGroup = CFB3E6F027F385C600AE2FBB;
			productRefGroup = CFB3E6FA27F385C600AE2FBB /* Products */;
			projectDirPath = "";
			projectRoot = "";
			targets = (
				CFB3E6F827F385C600AE2FBB /* myLab3 */,
			);
		};
/* End PBXProject section */

/* Begin PBXResourcesBuildPhase section */
		CFB3E6F727F385C600AE2FBB /* Resources */ = {
			isa = PBXResourcesBuildPhase;
			buildActionMask = 2147483647;
			files = (
				CFB3E70927F385C700AE2FBB /* LaunchScreen.storyboard in Resources */,
				CFB3E70627F385C700AE2FBB /* Assets.xcassets in Resources */,
				CFB3E70427F385C600AE2FBB /* Main.storyboard in Resources */,
			);
			runOnlyForDeploymentPostprocessing = 0;
		};
/* End PBXResourcesBuildPhase section */

/* Begin PBXSourcesBuildPhase section */
		CFB3E6F527F385C600AE2FBB /* Sources */ = {
			isa = PBXSourcesBuildPhase;
			buildActionMask = 2147483647;
			files = (
				CFB3E71127F38F0600AE2FBB /* PhotoInfo.swift in Sources */,
				CFB3E71327F391B800AE2FBB /* URL+Helpers.swift in Sources */,
				CFB3E71527F392C900AE2FBB /* PhotoInfoController.swift in Sources */,
				CFB3E70127F385C600AE2FBB /* ViewController.swift in Sources */,
				CFB3E6FD27F385C600AE2FBB /* AppDelegate.swift in Sources */,
				CFB3E6FF27F385C600AE2FBB /* SceneDelegate.swift in Sources */,
			);
			runOnlyForDeploymentPostprocessing = 0;
		};
/* End PBXSourcesBuildPhase section */

/* Begin PBXVariantGroup section */
		CFB3E70227F385C600AE2FBB /* Main.storyboard */ = {
			isa = PBXVariantGroup;
			children = (
				CFB3E70327F385C600AE2FBB /* Base */,
			);
			name = Main.storyboard;
			sourceTree = "<group>";
		};
		CFB3E70727F385C700AE2FBB /* LaunchScreen.storyboard */ = {
			isa = PBXVariantGroup;
			children = (
				CFB3E70827F385C700AE2FBB /* Base */,
			);
			name = LaunchScreen.storyboard;
			sourceTree = "<group>";
		};
/* End PBXVariantGroup section */

/* Begin XCBuildConfiguration section */
		CFB3E70B27F385C700AE2FBB /* Debug */ = {
			isa = XCBuildConfiguration;
			buildSettings = {
				ALWAYS_SEARCH_USER_PATHS = NO;
				CLANG_ANALYZER_NONNULL = YES;
				CLANG_ANALYZER_NUMBER_OBJECT_CONVERSION = YES_AGGRESSIVE;
				CLANG_CXX_LANGUAGE_STANDARD = "gnu++17";
				CLANG_CXX_LIBRARY = "libc++";
				CLANG_ENABLE_MODULES = YES;
				CLANG_ENABLE_OBJC_ARC = YES;
				CLANG_ENABLE_OBJC_WEAK = YES;
				CLANG_WARN_BLOCK_CAPTURE_AUTORELEASING = YES;
				CLANG_WARN_BOOL_CONVERSION = YES;
				CLANG_WARN_COMMA = YES;
				CLANG_WARN_CONSTANT_CONVERSION = YES;
				CLANG_WARN_DEPRECATED_OBJC_IMPLEMENTATIONS = YES;
				CLANG_WARN_DIRECT_OBJC_ISA_USAGE = YES_ERROR;
				CLANG_WARN_DOCUMENTATION_COMMENTS = YES;
				CLANG_WARN_EMPTY_BODY = YES;
				CLANG_WARN_ENUM_CONVERSION = YES;
				CLANG_WARN_INFINITE_RECURSION = YES;
				CLANG_WARN_INT_CONVERSION = YES;
				CLANG_WARN_NON_LITERAL_NULL_CONVERSION = YES;
				CLANG_WARN_OBJC_IMPLICIT_RETAIN_SELF = YES;
				CLANG_WARN_OBJC_LITERAL_CONVERSION = YES;
				CLANG_WARN_OBJC_ROOT_CLASS = YES_ERROR;
				CLANG_WARN_QUOTED_INCLUDE_IN_FRAMEWORK_HEADER = YES;
				CLANG_WARN_RANGE_LOOP_ANALYSIS = YES;
				CLANG_WARN_STRICT_PROTOTYPES = YES;
				CLANG_WARN_SUSPICIOUS_MOVE = YES;
				CLANG_WARN_UNGUARDED_AVAILABILITY = YES_AGGRESSIVE;
				CLANG_WARN_UNREACHABLE_CODE = YES;
				CLANG_WARN__DUPLICATE_METHOD_MATCH = YES;
				COPY_PHASE_STRIP = NO;
				DEBUG_INFORMATION_FORMAT = dwarf;
				ENABLE_STRICT_OBJC_MSGSEND = YES;
				ENABLE_TESTABILITY = YES;
				GCC_C_LANGUAGE_STANDARD = gnu11;
				GCC_DYNAMIC_NO_PIC = NO;
				GCC_NO_COMMON_BLOCKS = YES;
				GCC_OPTIMIZATION_LEVEL = 0;
				GCC_PREPROCESSOR_DEFINITIONS = (
					"DEBUG=1",
					"$(inherited)",
				);
				GCC_WARN_64_TO_32_BIT_CONVERSION = YES;
				GCC_WARN_ABOUT_RETURN_TYPE = YES_ERROR;
				GCC_WARN_UNDECLARED_SELECTOR = YES;
				GCC_WARN_UNINITIALIZED_AUTOS = YES_AGGRESSIVE;
				GCC_WARN_UNUSED_FUNCTION = YES;
				GCC_WARN_UNUSED_VARIABLE = YES;
				IPHONEOS_DEPLOYMENT_TARGET = 15.2;
				MTL_ENABLE_DEBUG_INFO = INCLUDE_SOURCE;
				MTL_FAST_MATH = YES;
				ONLY_ACTIVE_ARCH = YES;
				SDKROOT = iphoneos;
				SWIFT_ACTIVE_COMPILATION_CONDITIONS = DEBUG;
				SWIFT_OPTIMIZATION_LEVEL = "-Onone";
			};
			name = Debug;
		};
		CFB3E70C27F385C700AE2FBB /* Release */ = {
			isa = XCBuildConfiguration;
			buildSettings = {
				ALWAYS_SEARCH_USER_PATHS = NO;
				CLANG_ANALYZER_NONNULL = YES;
				CLANG_ANALYZER_NUMBER_OBJECT_CONVERSION = YES_AGGRESSIVE;
				CLANG_CXX_LANGUAGE_STANDARD = "gnu++17";
				CLANG_CXX_LIBRARY = "libc++";
				CLANG_ENABLE_MODULES = YES;
				CLANG_ENABLE_OBJC_ARC = YES;
				CLANG_ENABLE_OBJC_WEAK = YES;
				CLANG_WARN_BLOCK_CAPTURE_AUTORELEASING = YES;
				CLANG_WARN_BOOL_CONVERSION = YES;
				CLANG_WARN_COMMA = YES;
				CLANG_WARN_CONSTANT_CONVERSION = YES;
				CLANG_WARN_DEPRECATED_OBJC_IMPLEMENTATIONS = YES;
				CLANG_WARN_DIRECT_OBJC_ISA_USAGE = YES_ERROR;
				CLANG_WARN_DOCUMENTATION_COMMENTS = YES;
				CLANG_WARN_EMPTY_BODY = YES;
				CLANG_WARN_ENUM_CONVERSION = YES;
				CLANG_WARN_INFINITE_RECURSION = YES;
				CLANG_WARN_INT_CONVERSION = YES;
				CLANG_WARN_NON_LITERAL_NULL_CONVERSION = YES;
				CLANG_WARN_OBJC_IMPLICIT_RETAIN_SELF = YES;
				CLANG_WARN_OBJC_LITERAL_CONVERSION = YES;
				CLANG_WARN_OBJC_ROOT_CLASS = YES_ERROR;
				CLANG_WARN_QUOTED_INCLUDE_IN_FRAMEWORK_HEADER = YES;
				CLANG_WARN_RANGE_LOOP_ANALYSIS = YES;
				CLANG_WARN_STRICT_PROTOTYPES = YES;
				CLANG_WARN_SUSPICIOUS_MOVE = YES;
				CLANG_WARN_UNGUARDED_AVAILABILITY = YES_AGGRESSIVE;
				CLANG_WARN_UNREACHABLE_CODE = YES;
				CLANG_WARN__DUPLICATE_METHOD_MATCH = YES;
				COPY_PHASE_STRIP = NO;
				DEBUG_INFORMATION_FORMAT = "dwarf-with-dsym";
				ENABLE_NS_ASSERTIONS = NO;
				ENABLE_STRICT_OBJC_MSGSEND = YES;
				GCC_C_LANGUAGE_STANDARD = gnu11;
				GCC_NO_COMMON_BLOCKS = YES;
				GCC_WARN_64_TO_32_BIT_CONVERSION = YES;
				GCC_WARN_ABOUT_RETURN_TYPE = YES_ERROR;
				GCC_WARN_UNDECLARED_SELECTOR = YES;
				GCC_WARN_UNINITIALIZED_AUTOS = YES_AGGRESSIVE;
				GCC_WARN_UNUSED_FUNCTION = YES;
				GCC_WARN_UNUSED_VARIABLE = YES;
				IPHONEOS_DEPLOYMENT_TARGET = 15.2;
				MTL_ENABLE_DEBUG_INFO = NO;
				MTL_FAST_MATH = YES;
				SDKROOT = iphoneos;
				SWIFT_COMPILATION_MODE = wholemodule;
				SWIFT_OPTIMIZATION_LEVEL = "-O";
				VALIDATE_PRODUCT = YES;
			};
			name = Release;
		};
		CFB3E70E27F385C700AE2FBB /* Debug */ = {
			isa = XCBuildConfiguration;
			buildSettings = {
				ASSETCATALOG_COMPILER_APPICON_NAME = AppIcon;
				ASSETCATALOG_COMPILER_GLOBAL_ACCENT_COLOR_NAME = AccentColor;
				CODE_SIGN_STYLE = Automatic;
				CURRENT_PROJECT_VERSION = 1;
				DEVELOPMENT_TEAM = 2LUT8G6T6V;
				GENERATE_INFOPLIST_FILE = YES;
				INFOPLIST_FILE = myLab3/Info.plist;
				INFOPLIST_KEY_UIApplicationSupportsIndirectInputEvents = YES;
				INFOPLIST_KEY_UILaunchStoryboardName = LaunchScreen;
				INFOPLIST_KEY_UIMainStoryboardFile = Main;
				INFOPLIST_KEY_UISupportedInterfaceOrientations_iPad = "UIInterfaceOrientationPortrait UIInterfaceOrientationPortraitUpsideDown UIInterfaceOrientationLandscapeLeft UIInterfaceOrientationLandscapeRight";
				INFOPLIST_KEY_UISupportedInterfaceOrientations_iPhone = "UIInterfaceOrientationPortrait UIInterfaceOrientationLandscapeLeft UIInterfaceOrientationLandscapeRight";
				LD_RUNPATH_SEARCH_PATHS = (
					"$(inherited)",
					"@executable_path/Frameworks",
				);
				MARKETING_VERSION = 1.0;
				PRODUCT_BUNDLE_IDENTIFIER = COSC4596.myLab3;
				PRODUCT_NAME = "$(TARGET_NAME)";
				SWIFT_EMIT_LOC_STRINGS = YES;
				SWIFT_VERSION = 5.0;
				TARGETED_DEVICE_FAMILY = "1,2";
			};
			name = Debug;
		};
		CFB3E70F27F385C700AE2FBB /* Release */ = {
			isa = XCBuildConfiguration;
			buildSettings = {
				ASSETCATALOG_COMPILER_APPICON_NAME = AppIcon;
				ASSETCATALOG_COMPILER_GLOBAL_ACCENT_COLOR_NAME = AccentColor;
				CODE_SIGN_STYLE = Automatic;
				CURRENT_PROJECT_VERSION = 1;
				DEVELOPMENT_TEAM = 2LUT8G6T6V;
				GENERATE_INFOPLIST_FILE = YES;
				INFOPLIST_FILE = myLab3/Info.plist;
				INFOPLIST_KEY_UIApplicationSupportsIndirectInputEvents = YES;
				INFOPLIST_KEY_UILaunchStoryboardName = LaunchScreen;
				INFOPLIST_KEY_UIMainStoryboardFile = Main;
				INFOPLIST_KEY_UISupportedInterfaceOrientations_iPad = "UIInterfaceOrientationPortrait UIInterfaceOrientationPortraitUpsideDown UIInterfaceOrientationLandscapeLeft UIInterfaceOrientationLandscapeRight";
				INFOPLIST_KEY_UISupportedInterfaceOrientations_iPhone = "UIInterfaceOrientationPortrait UIInterfaceOrientationLandscapeLeft UIInterfaceOrientationLandscapeRight";
				LD_RUNPATH_SEARCH_PATHS = (
					"$(inherited)",
					"@executable_path/Frameworks",
				);
				MARKETING_VERSION = 1.0;
				PRODUCT_BUNDLE_IDENTIFIER = COSC4596.myLab3;
				PRODUCT_NAME = "$(TARGET_NAME)";
				SWIFT_EMIT_LOC_STRINGS = YES;
				SWIFT_VERSION = 5.0;
				TARGETED_DEVICE_FAMILY = "1,2";
			};
			name = Release;
		};
/* End XCBuildConfiguration section */

/* Begin XCConfigurationList section */
		CFB3E6F427F385C600AE2FBB /* Build configuration list for PBXProject "myLab3" */ = {
			isa = XCConfigurationList;
			buildConfigurations = (
				CFB3E70B27F385C700AE2FBB /* Debug */,
				CFB3E70C27F385C700AE2FBB /* Release */,
			);
			defaultConfigurationIsVisible = 0;
			defaultConfigurationName = Release;
		};
		CFB3E70D27F385C700AE2FBB /* Build configuration list for PBXNativeTarget "myLab3" */ = {
			isa = XCConfigurationList;
			buildConfigurations = (
				CFB3E70E27F385C700AE2FBB /* Debug */,
				CFB3E70F27F385C700AE2FBB /* Release */,
			);
			defaultConfigurationIsVisible = 0;
			defaultConfigurationName = Release;
		};
/* End XCConfigurationList section */
	};
	rootObject = CFB3E6F127F385C600AE2FBB /* Project object */;
}
